
Microsoft Visual Studio Solution File, Format Version 12.00
# Visual Studio 15
VisualStudioVersion = 15.0.28307.1169
MinimumVisualStudioVersion = 10.0.40219.1
Project("{9A19103F-16F7-4668-BE54-9A1E7A4F7556}") = "DILicenceManagerSerever", "DILicenceManagerSerever.csproj", "{8EBE452A-301F-4080-9A40-44DC60EFD27D}"
EndProject
Project("{2150E333-8FDC-42A3-9474-1A3956D46DE8}") = "DataLayer", "DataLayer", "{1BA1BEA4-ED8E-45A9-AE18-E2BB0A99CE0B}"
EndProject
Project("{2150E333-8FDC-42A3-9474-1A3956D46DE8}") = "Server", "Server", "{5B63CCD4-B800-4173-82C4-DD34A3B40DE6}"
EndProject
Project("{9A19103F-16F7-4668-BE54-9A1E7A4F7556}") = "DataAccess", "..\DataAccess\DataAccess.csproj", "{872DA6AE-A4F2-452C-9FBE-D2D9F5E54FBD}"
EndProject
Project("{FAE04EC0-301F-11D3-BF4B-00C04F79EFBC}") = "Models.System", "..\Models.System\Models.System.csproj", "{9F22A0F8-C33B-44C5-B920-411D58A09A46}"
EndProject
Project("{2150E333-8FDC-42A3-9474-1A3956D46DE8}") = "Comms", "Comms", "{786926E4-DE04-43C3-9726-48007B1F59D1}"
EndProject
Project("{FAE04EC0-301F-11D3-BF4B-00C04F79EFBC}") = "Email", "..\Email\Email.csproj", "{3F187055-E152-4BCC-A281-314DBB0CA45B}"
EndProject
Project("{2150E333-8FDC-42A3-9474-1A3956D46DE8}") = "SYSTEM WORKERS", "SYSTEM WORKERS", "{B4C814CD-B697-4AC8-8AFE-FC2CB1204C4D}"
EndProject
Project("{FAE04EC0-301F-11D3-BF4B-00C04F79EFBC}") = "EmailWorker", "..\EmailWorker\EmailWorker.csproj", "{C21A2DE4-5DE3-469A-8179-CECE37A0B9B2}"
EndProject
Global
	GlobalSection(SolutionConfigurationPlatforms) = preSolution
		Debug|Any CPU = Debug|Any CPU
		Release|Any CPU = Release|Any CPU
	EndGlobalSection
	GlobalSection(ProjectConfigurationPlatforms) = postSolution
		{8EBE452A-301F-4080-9A40-44DC60EFD27D}.Debug|Any CPU.ActiveCfg = Debug|Any CPU
		{8EBE452A-301F-4080-9A40-44DC60EFD27D}.Debug|Any CPU.Build.0 = Debug|Any CPU
		{8EBE452A-301F-4080-9A40-44DC60EFD27D}.Release|Any CPU.ActiveCfg = Release|Any CPU
		{8EBE452A-301F-4080-9A40-44DC60EFD27D}.Release|Any CPU.Build.0 = Release|Any CPU
		{872DA6AE-A4F2-452C-9FBE-D2D9F5E54FBD}.Debug|Any CPU.ActiveCfg = Debug|Any CPU
		{872DA6AE-A4F2-452C-9FBE-D2D9F5E54FBD}.Debug|Any CPU.Build.0 = Debug|Any CPU
		{872DA6AE-A4F2-452C-9FBE-D2D9F5E54FBD}.Release|Any CPU.ActiveCfg = Release|Any CPU
		{872DA6AE-A4F2-452C-9FBE-D2D9F5E54FBD}.Release|Any CPU.Build.0 = Release|Any CPU
		{9F22A0F8-C33B-44C5-B920-411D58A09A46}.Debug|Any CPU.ActiveCfg = Debug|Any CPU
		{9F22A0F8-C33B-44C5-B920-411D58A09A46}.Debug|Any CPU.Build.0 = Debug|Any CPU
		{9F22A0F8-C33B-44C5-B920-411D58A09A46}.Release|Any CPU.ActiveCfg = Release|Any CPU
		{9F22A0F8-C33B-44C5-B920-411D58A09A46}.Release|Any CPU.Build.0 = Release|Any CPU
		{3F187055-E152-4BCC-A281-314DBB0CA45B}.Debug|Any CPU.ActiveCfg = Debug|Any CPU
		{3F187055-E152-4BCC-A281-314DBB0CA45B}.Debug|Any CPU.Build.0 = Debug|Any CPU
		{3F187055-E152-4BCC-A281-314DBB0CA45B}.Release|Any CPU.ActiveCfg = Release|Any CPU
		{3F187055-E152-4BCC-A281-314DBB0CA45B}.Release|Any CPU.Build.0 = Release|Any CPU
		{C21A2DE4-5DE3-469A-8179-CECE37A0B9B2}.Debug|Any CPU.ActiveCfg = Debug|Any CPU
		{C21A2DE4-5DE3-469A-8179-CECE37A0B9B2}.Debug|Any CPU.Build.0 = Debug|Any CPU
		{C21A2DE4-5DE3-469A-8179-CECE37A0B9B2}.Release|Any CPU.ActiveCfg = Release|Any CPU
		{C21A2DE4-5DE3-469A-8179-CECE37A0B9B2}.Release|Any CPU.Build.0 = Release|Any CPU
	EndGlobalSection
	GlobalSection(SolutionProperties) = preSolution
		HideSolutionNode = FALSE
	EndGlobalSection
	GlobalSection(NestedProjects) = preSolution
		{8EBE452A-301F-4080-9A40-44DC60EFD27D} = {5B63CCD4-B800-4173-82C4-DD34A3B40DE6}
		{5B63CCD4-B800-4173-82C4-DD34A3B40DE6} = {1BA1BEA4-ED8E-45A9-AE18-E2BB0A99CE0B}
		{872DA6AE-A4F2-452C-9FBE-D2D9F5E54FBD} = {1BA1BEA4-ED8E-45A9-AE18-E2BB0A99CE0B}
		{9F22A0F8-C33B-44C5-B920-411D58A09A46} = {1BA1BEA4-ED8E-45A9-AE18-E2BB0A99CE0B}
		{3F187055-E152-4BCC-A281-314DBB0CA45B} = {786926E4-DE04-43C3-9726-48007B1F59D1}
		{C21A2DE4-5DE3-469A-8179-CECE37A0B9B2} = {B4C814CD-B697-4AC8-8AFE-FC2CB1204C4D}
	EndGlobalSection
	GlobalSection(ExtensibilityGlobals) = postSolution
		SolutionGuid = {2EC97540-276F-4367-AC8D-2B743058F4E4}
	EndGlobalSection
EndGlobal
